// !$*UTF8*$!
{
	archiveVersion = 1;
	classes = {
	};
	objectVersion = 46;
	objects = {

/* Begin PBXBuildFile section */
		433624A81D380E3000AD0ABC /* WheelViewController.m in Sources */ = {isa = PBXBuildFile; fileRef = 433624A71D380E3000AD0ABC /* WheelViewController.m */; };
		433624AE1D3818EE00AD0ABC /* WheelCollectionViewCell.m in Sources */ = {isa = PBXBuildFile; fileRef = 433624AD1D3818EE00AD0ABC /* WheelCollectionViewCell.m */; };
		433624B11D381E7B00AD0ABC /* WheelCollectionViewLayout.m in Sources */ = {isa = PBXBuildFile; fileRef = 433624B01D381E7B00AD0ABC /* WheelCollectionViewLayout.m */; };
		43A80FB01D3D1D860056765B /* ChatViewController.m in Sources */ = {isa = PBXBuildFile; fileRef = 43A80FAF1D3D1D860056765B /* ChatViewController.m */; };
		43A80FB61D3D42330056765B /* ToDoListViewController.m in Sources */ = {isa = PBXBuildFile; fileRef = 43A80FB51D3D42330056765B /* ToDoListViewController.m */; };
		43A80FB91D3D48730056765B /* TaskListItem.m in Sources */ = {isa = PBXBuildFile; fileRef = 43A80FB81D3D48730056765B /* TaskListItem.m */; };
		43A80FBC1D3E71F20056765B /* TaskListTableViewCell.m in Sources */ = {isa = PBXBuildFile; fileRef = 43A80FBB1D3E71F20056765B /* TaskListTableViewCell.m */; };
		43A80FC11D3ECBBA0056765B /* TaskListStrikethroughLabel.m in Sources */ = {isa = PBXBuildFile; fileRef = 43A80FC01D3ECBBA0056765B /* TaskListStrikethroughLabel.m */; };
		43A80FC31D3EDA060056765B /* QuartzCore.framework in Frameworks */ = {isa = PBXBuildFile; fileRef = 43A80FC21D3EDA060056765B /* QuartzCore.framework */; };
		43A80FC61D3FB6650056765B /* TaskListTableView.m in Sources */ = {isa = PBXBuildFile; fileRef = 43A80FC51D3FB6650056765B /* TaskListTableView.m */; };
		43A80FCB1D40547E0056765B /* TaskListTableViewDragAddNew.m in Sources */ = {isa = PBXBuildFile; fileRef = 43A80FCA1D40547D0056765B /* TaskListTableViewDragAddNew.m */; };
		43CB9B711D41B0B1009A5E15 /* TaskListTableViewPinchToAdd.m in Sources */ = {isa = PBXBuildFile; fileRef = 43CB9B701D41B0B1009A5E15 /* TaskListTableViewPinchToAdd.m */; };
		43CB9B741D42452F009A5E15 /* LoginViewContoller.m in Sources */ = {isa = PBXBuildFile; fileRef = 43CB9B731D42452F009A5E15 /* LoginViewContoller.m */; };
		43CB9B781D424743009A5E15 /* GoogleService-Info.plist in Resources */ = {isa = PBXBuildFile; fileRef = 43CB9B771D424743009A5E15 /* GoogleService-Info.plist */; };
		43CEEBB71D36F80700C2485F /* main.m in Sources */ = {isa = PBXBuildFile; fileRef = 43CEEBB61D36F80700C2485F /* main.m */; };
		43CEEBBA1D36F80700C2485F /* AppDelegate.m in Sources */ = {isa = PBXBuildFile; fileRef = 43CEEBB91D36F80700C2485F /* AppDelegate.m */; };
		43CEEBC01D36F80700C2485F /* Main.storyboard in Resources */ = {isa = PBXBuildFile; fileRef = 43CEEBBE1D36F80700C2485F /* Main.storyboard */; };
		43CEEBC21D36F80700C2485F /* Assets.xcassets in Resources */ = {isa = PBXBuildFile; fileRef = 43CEEBC11D36F80700C2485F /* Assets.xcassets */; };
		43CEEBC51D36F80700C2485F /* LaunchScreen.storyboard in Resources */ = {isa = PBXBuildFile; fileRef = 43CEEBC31D36F80700C2485F /* LaunchScreen.storyboard */; };
		43CEEBCE1D36F8E400C2485F /* MenuCollectionViewController.m in Sources */ = {isa = PBXBuildFile; fileRef = 43CEEBCD1D36F8E400C2485F /* MenuCollectionViewController.m */; };
		F33988A0D075FD77278316A7 /* libPods-Final.a in Frameworks */ = {isa = PBXBuildFile; fileRef = F87FAFECC127CAB5C27FEAFA /* libPods-Final.a */; };
/* End PBXBuildFile section */

/* Begin PBXFileReference section */
		433624A61D380E3000AD0ABC /* WheelViewController.h */ = {isa = PBXFileReference; fileEncoding = 4; lastKnownFileType = sourcecode.c.h; path = WheelViewController.h; sourceTree = "<group>"; };
		433624A71D380E3000AD0ABC /* WheelViewController.m */ = {isa = PBXFileReference; fileEncoding = 4; lastKnownFileType = sourcecode.c.objc; path = WheelViewController.m; sourceTree = "<group>"; };
		433624AC1D3818EE00AD0ABC /* WheelCollectionViewCell.h */ = {isa = PBXFileReference; fileEncoding = 4; lastKnownFileType = sourcecode.c.h; name = WheelCollectionViewCell.h; path = ../WheelCollectionViewCell.h; sourceTree = "<group>"; };
		433624AD1D3818EE00AD0ABC /* WheelCollectionViewCell.m */ = {isa = PBXFileReference; fileEncoding = 4; lastKnownFileType = sourcecode.c.objc; name = WheelCollectionViewCell.m; path = ../WheelCollectionViewCell.m; sourceTree = "<group>"; };
		433624AF1D381E7B00AD0ABC /* WheelCollectionViewLayout.h */ = {isa = PBXFileReference; fileEncoding = 4; lastKnownFileType = sourcecode.c.h; path = WheelCollectionViewLayout.h; sourceTree = "<group>"; };
		433624B01D381E7B00AD0ABC /* WheelCollectionViewLayout.m */ = {isa = PBXFileReference; fileEncoding = 4; lastKnownFileType = sourcecode.c.objc; path = WheelCollectionViewLayout.m; sourceTree = "<group>"; };
		43A80FAE1D3D1D860056765B /* ChatViewController.h */ = {isa = PBXFileReference; fileEncoding = 4; lastKnownFileType = sourcecode.c.h; path = ChatViewController.h; sourceTree = "<group>"; };
		43A80FAF1D3D1D860056765B /* ChatViewController.m */ = {isa = PBXFileReference; fileEncoding = 4; lastKnownFileType = sourcecode.c.objc; path = ChatViewController.m; sourceTree = "<group>"; };
		43A80FB41D3D42330056765B /* ToDoListViewController.h */ = {isa = PBXFileReference; fileEncoding = 4; lastKnownFileType = sourcecode.c.h; path = ToDoListViewController.h; sourceTree = "<group>"; };
		43A80FB51D3D42330056765B /* ToDoListViewController.m */ = {isa = PBXFileReference; fileEncoding = 4; lastKnownFileType = sourcecode.c.objc; path = ToDoListViewController.m; sourceTree = "<group>"; };
		43A80FB71D3D48730056765B /* TaskListItem.h */ = {isa = PBXFileReference; fileEncoding = 4; lastKnownFileType = sourcecode.c.h; path = TaskListItem.h; sourceTree = "<group>"; };
		43A80FB81D3D48730056765B /* TaskListItem.m */ = {isa = PBXFileReference; fileEncoding = 4; lastKnownFileType = sourcecode.c.objc; path = TaskListItem.m; sourceTree = "<group>"; };
		43A80FBA1D3E71F20056765B /* TaskListTableViewCell.h */ = {isa = PBXFileReference; fileEncoding = 4; lastKnownFileType = sourcecode.c.h; path = TaskListTableViewCell.h; sourceTree = "<group>"; };
		43A80FBB1D3E71F20056765B /* TaskListTableViewCell.m */ = {isa = PBXFileReference; fileEncoding = 4; lastKnownFileType = sourcecode.c.objc; path = TaskListTableViewCell.m; sourceTree = "<group>"; };
		43A80FBF1D3ECBBA0056765B /* TaskListStrikethroughLabel.h */ = {isa = PBXFileReference; fileEncoding = 4; lastKnownFileType = sourcecode.c.h; path = TaskListStrikethroughLabel.h; sourceTree = "<group>"; };
		43A80FC01D3ECBBA0056765B /* TaskListStrikethroughLabel.m */ = {isa = PBXFileReference; fileEncoding = 4; lastKnownFileType = sourcecode.c.objc; path = TaskListStrikethroughLabel.m; sourceTree = "<group>"; };
		43A80FC21D3EDA060056765B /* QuartzCore.framework */ = {isa = PBXFileReference; lastKnownFileType = wrapper.framework; name = QuartzCore.framework; path = System/Library/Frameworks/QuartzCore.framework; sourceTree = SDKROOT; };
		43A80FC41D3FB6650056765B /* TaskListTableView.h */ = {isa = PBXFileReference; fileEncoding = 4; lastKnownFileType = sourcecode.c.h; path = TaskListTableView.h; sourceTree = "<group>"; };
		43A80FC51D3FB6650056765B /* TaskListTableView.m */ = {isa = PBXFileReference; fileEncoding = 4; lastKnownFileType = sourcecode.c.objc; path = TaskListTableView.m; sourceTree = "<group>"; };
		43A80FC81D3FC3DB0056765B /* TaskListTableViewDataSource.h */ = {isa = PBXFileReference; lastKnownFileType = sourcecode.c.h; path = TaskListTableViewDataSource.h; sourceTree = "<group>"; };
		43A80FC91D40547D0056765B /* TaskListTableViewDragAddNew.h */ = {isa = PBXFileReference; fileEncoding = 4; lastKnownFileType = sourcecode.c.h; path = TaskListTableViewDragAddNew.h; sourceTree = "<group>"; };
		43A80FCA1D40547D0056765B /* TaskListTableViewDragAddNew.m */ = {isa = PBXFileReference; fileEncoding = 4; lastKnownFileType = sourcecode.c.objc; path = TaskListTableViewDragAddNew.m; sourceTree = "<group>"; };
		43CB9B6E1D419E21009A5E15 /* TaskListCellDelegate.h */ = {isa = PBXFileReference; fileEncoding = 4; lastKnownFileType = sourcecode.c.h; path = TaskListCellDelegate.h; sourceTree = "<group>"; };
		43CB9B6F1D41B0B1009A5E15 /* TaskListTableViewPinchToAdd.h */ = {isa = PBXFileReference; fileEncoding = 4; lastKnownFileType = sourcecode.c.h; path = TaskListTableViewPinchToAdd.h; sourceTree = "<group>"; };
		43CB9B701D41B0B1009A5E15 /* TaskListTableViewPinchToAdd.m */ = {isa = PBXFileReference; fileEncoding = 4; lastKnownFileType = sourcecode.c.objc; path = TaskListTableViewPinchToAdd.m; sourceTree = "<group>"; };
		43CB9B721D42452F009A5E15 /* LoginViewContoller.h */ = {isa = PBXFileReference; fileEncoding = 4; lastKnownFileType = sourcecode.c.h; path = LoginViewContoller.h; sourceTree = "<group>"; };
		43CB9B731D42452F009A5E15 /* LoginViewContoller.m */ = {isa = PBXFileReference; fileEncoding = 4; lastKnownFileType = sourcecode.c.objc; path = LoginViewContoller.m; sourceTree = "<group>"; };
		43CB9B771D424743009A5E15 /* GoogleService-Info.plist */ = {isa = PBXFileReference; fileEncoding = 4; lastKnownFileType = text.plist.xml; path = "GoogleService-Info.plist"; sourceTree = "<group>"; };
		43CEEBB21D36F80700C2485F /* Final.app */ = {isa = PBXFileReference; explicitFileType = wrapper.application; includeInIndex = 0; path = Final.app; sourceTree = BUILT_PRODUCTS_DIR; };
		43CEEBB61D36F80700C2485F /* main.m */ = {isa = PBXFileReference; lastKnownFileType = sourcecode.c.objc; path = main.m; sourceTree = "<group>"; };
		43CEEBB81D36F80700C2485F /* AppDelegate.h */ = {isa = PBXFileReference; lastKnownFileType = sourcecode.c.h; path = AppDelegate.h; sourceTree = "<group>"; };
		43CEEBB91D36F80700C2485F /* AppDelegate.m */ = {isa = PBXFileReference; lastKnownFileType = sourcecode.c.objc; path = AppDelegate.m; sourceTree = "<group>"; };
		43CEEBBF1D36F80700C2485F /* Base */ = {isa = PBXFileReference; lastKnownFileType = file.storyboard; name = Base; path = Base.lproj/Main.storyboard; sourceTree = "<group>"; };
		43CEEBC11D36F80700C2485F /* Assets.xcassets */ = {isa = PBXFileReference; lastKnownFileType = folder.assetcatalog; path = Assets.xcassets; sourceTree = "<group>"; };
		43CEEBC41D36F80700C2485F /* Base */ = {isa = PBXFileReference; lastKnownFileType = file.storyboard; name = Base; path = Base.lproj/LaunchScreen.storyboard; sourceTree = "<group>"; };
		43CEEBC61D36F80700C2485F /* Info.plist */ = {isa = PBXFileReference; lastKnownFileType = text.plist.xml; path = Info.plist; sourceTree = "<group>"; };
		43CEEBCC1D36F8E400C2485F /* MenuCollectionViewController.h */ = {isa = PBXFileReference; fileEncoding = 4; lastKnownFileType = sourcecode.c.h; path = MenuCollectionViewController.h; sourceTree = "<group>"; };
		43CEEBCD1D36F8E400C2485F /* MenuCollectionViewController.m */ = {isa = PBXFileReference; fileEncoding = 4; lastKnownFileType = sourcecode.c.objc; path = MenuCollectionViewController.m; sourceTree = "<group>"; };
		68BDD6951FC76CFD5B3EE1C8 /* Pods-Final.release.xcconfig */ = {isa = PBXFileReference; includeInIndex = 1; lastKnownFileType = text.xcconfig; name = "Pods-Final.release.xcconfig"; path = "Pods/Target Support Files/Pods-Final/Pods-Final.release.xcconfig"; sourceTree = "<group>"; };
		CEF82086DD56315BD8F9FF98 /* Pods-Final.debug.xcconfig */ = {isa = PBXFileReference; includeInIndex = 1; lastKnownFileType = text.xcconfig; name = "Pods-Final.debug.xcconfig"; path = "Pods/Target Support Files/Pods-Final/Pods-Final.debug.xcconfig"; sourceTree = "<group>"; };
		F87FAFECC127CAB5C27FEAFA /* libPods-Final.a */ = {isa = PBXFileReference; explicitFileType = archive.ar; includeInIndex = 0; path = "libPods-Final.a"; sourceTree = BUILT_PRODUCTS_DIR; };
/* End PBXFileReference section */

/* Begin PBXFrameworksBuildPhase section */
		43CEEBAF1D36F80700C2485F /* Frameworks */ = {
			isa = PBXFrameworksBuildPhase;
			buildActionMask = 2147483647;
			files = (
				43A80FC31D3EDA060056765B /* QuartzCore.framework in Frameworks */,
				F33988A0D075FD77278316A7 /* libPods-Final.a in Frameworks */,
			);
			runOnlyForDeploymentPostprocessing = 0;
		};
/* End PBXFrameworksBuildPhase section */

/* Begin PBXGroup section */
		43CEEBA91D36F80700C2485F = {
			isa = PBXGroup;
			children = (
				43CEEBB41D36F80700C2485F /* Final */,
				43CEEBB31D36F80700C2485F /* Products */,
				5E7A3F4413EA42C8E15585DA /* Pods */,
				A960DDB96328CAD052B5CE08 /* Frameworks */,
			);
			sourceTree = "<group>";
		};
		43CEEBB31D36F80700C2485F /* Products */ = {
			isa = PBXGroup;
			children = (
				43CEEBB21D36F80700C2485F /* Final.app */,
			);
			name = Products;
			sourceTree = "<group>";
		};
		43CEEBB41D36F80700C2485F /* Final */ = {
			isa = PBXGroup;
			children = (
				43CB9B6E1D419E21009A5E15 /* TaskListCellDelegate.h */,
				43A80FC81D3FC3DB0056765B /* TaskListTableViewDataSource.h */,
				43A80FBF1D3ECBBA0056765B /* TaskListStrikethroughLabel.h */,
				43A80FC01D3ECBBA0056765B /* TaskListStrikethroughLabel.m */,
				43A80FAE1D3D1D860056765B /* ChatViewController.h */,
				43A80FAF1D3D1D860056765B /* ChatViewController.m */,
				433624AC1D3818EE00AD0ABC /* WheelCollectionViewCell.h */,
				433624AD1D3818EE00AD0ABC /* WheelCollectionViewCell.m */,
				433624AF1D381E7B00AD0ABC /* WheelCollectionViewLayout.h */,
				433624B01D381E7B00AD0ABC /* WheelCollectionViewLayout.m */,
				433624A61D380E3000AD0ABC /* WheelViewController.h */,
				433624A71D380E3000AD0ABC /* WheelViewController.m */,
				43CEEBB81D36F80700C2485F /* AppDelegate.h */,
				43CEEBB91D36F80700C2485F /* AppDelegate.m */,
				43CEEBBE1D36F80700C2485F /* Main.storyboard */,
				43CB9B721D42452F009A5E15 /* LoginViewContoller.h */,
				43CB9B731D42452F009A5E15 /* LoginViewContoller.m */,
				43A80FC91D40547D0056765B /* TaskListTableViewDragAddNew.h */,
				43A80FCA1D40547D0056765B /* TaskListTableViewDragAddNew.m */,
				43A80FB71D3D48730056765B /* TaskListItem.h */,
				43A80FB81D3D48730056765B /* TaskListItem.m */,
				43A80FB41D3D42330056765B /* ToDoListViewController.h */,
				43A80FB51D3D42330056765B /* ToDoListViewController.m */,
				43CB9B6F1D41B0B1009A5E15 /* TaskListTableViewPinchToAdd.h */,
				43CB9B701D41B0B1009A5E15 /* TaskListTableViewPinchToAdd.m */,
				43A80FBA1D3E71F20056765B /* TaskListTableViewCell.h */,
				43A80FBB1D3E71F20056765B /* TaskListTableViewCell.m */,
				43A80FC41D3FB6650056765B /* TaskListTableView.h */,
				43A80FC51D3FB6650056765B /* TaskListTableView.m */,
				43CEEBCC1D36F8E400C2485F /* MenuCollectionViewController.h */,
				43CEEBCD1D36F8E400C2485F /* MenuCollectionViewController.m */,
				43CEEBC11D36F80700C2485F /* Assets.xcassets */,
				43CEEBC31D36F80700C2485F /* LaunchScreen.storyboard */,
				43CB9B771D424743009A5E15 /* GoogleService-Info.plist */,
				43CEEBC61D36F80700C2485F /* Info.plist */,
				43CEEBB51D36F80700C2485F /* Supporting Files */,
			);
			path = Final;
			sourceTree = "<group>";
		};
		43CEEBB51D36F80700C2485F /* Supporting Files */ = {
			isa = PBXGroup;
			children = (
				43CEEBB61D36F80700C2485F /* main.m */,
			);
			name = "Supporting Files";
			sourceTree = "<group>";
		};
		5E7A3F4413EA42C8E15585DA /* Pods */ = {
			isa = PBXGroup;
			children = (
				CEF82086DD56315BD8F9FF98 /* Pods-Final.debug.xcconfig */,
				68BDD6951FC76CFD5B3EE1C8 /* Pods-Final.release.xcconfig */,
			);
			name = Pods;
			sourceTree = "<group>";
		};
		A960DDB96328CAD052B5CE08 /* Frameworks */ = {
			isa = PBXGroup;
			children = (
				43A80FC21D3EDA060056765B /* QuartzCore.framework */,
				F87FAFECC127CAB5C27FEAFA /* libPods-Final.a */,
			);
			name = Frameworks;
			sourceTree = "<group>";
		};
/* End PBXGroup section */

/* Begin PBXNativeTarget section */
		43CEEBB11D36F80700C2485F /* Final */ = {
			isa = PBXNativeTarget;
			buildConfigurationList = 43CEEBC91D36F80700C2485F /* Build configuration list for PBXNativeTarget "Final" */;
			buildPhases = (
				192ED10D792AF3980C726D79 /* 📦 Check Pods Manifest.lock */,
				43CEEBAE1D36F80700C2485F /* Sources */,
				43CEEBAF1D36F80700C2485F /* Frameworks */,
				43CEEBB01D36F80700C2485F /* Resources */,
				C31073BA3929B1665D043873 /* 📦 Embed Pods Frameworks */,
				0FB3315566ADB92D69C597FC /* 📦 Copy Pods Resources */,
			);
			buildRules = (
			);
			dependencies = (
			);
			name = Final;
			productName = Final;
			productReference = 43CEEBB21D36F80700C2485F /* Final.app */;
			productType = "com.apple.product-type.application";
		};
/* End PBXNativeTarget section */

/* Begin PBXProject section */
		43CEEBAA1D36F80700C2485F /* Project object */ = {
			isa = PBXProject;
			attributes = {
				LastUpgradeCheck = 0730;
				ORGANIZATIONNAME = DetroitLabs;
				TargetAttributes = {
					43CEEBB11D36F80700C2485F = {
						CreatedOnToolsVersion = 7.3.1;
					};
				};
			};
			buildConfigurationList = 43CEEBAD1D36F80700C2485F /* Build configuration list for PBXProject "Final" */;
			compatibilityVersion = "Xcode 3.2";
			developmentRegion = English;
			hasScannedForEncodings = 0;
			knownRegions = (
				en,
				Base,
			);
			mainGroup = 43CEEBA91D36F80700C2485F;
			productRefGroup = 43CEEBB31D36F80700C2485F /* Products */;
			projectDirPath = "";
			projectRoot = "";
			targets = (
				43CEEBB11D36F80700C2485F /* Final */,
			);
		};
/* End PBXProject section */

/* Begin PBXResourcesBuildPhase section */
		43CEEBB01D36F80700C2485F /* Resources */ = {
			isa = PBXResourcesBuildPhase;
			buildActionMask = 2147483647;
			files = (
				43CEEBC51D36F80700C2485F /* LaunchScreen.storyboard in Resources */,
				43CEEBC21D36F80700C2485F /* Assets.xcassets in Resources */,
				43CB9B781D424743009A5E15 /* GoogleService-Info.plist in Resources */,
				43CEEBC01D36F80700C2485F /* Main.storyboard in Resources */,
			);
			runOnlyForDeploymentPostprocessing = 0;
		};
/* End PBXResourcesBuildPhase section */

/* Begin PBXShellScriptBuildPhase section */
		0FB3315566ADB92D69C597FC /* 📦 Copy Pods Resources */ = {
			isa = PBXShellScriptBuildPhase;
			buildActionMask = 2147483647;
			files = (
			);
			inputPaths = (
			);
			name = "📦 Copy Pods Resources";
			outputPaths = (
			);
			runOnlyForDeploymentPostprocessing = 0;
			shellPath = /bin/sh;
			shellScript = "\"${SRCROOT}/Pods/Target Support Files/Pods-Final/Pods-Final-resources.sh\"\n";
			showEnvVarsInLog = 0;
		};
		192ED10D792AF3980C726D79 /* 📦 Check Pods Manifest.lock */ = {
			isa = PBXShellScriptBuildPhase;
			buildActionMask = 2147483647;
			files = (
			);
			inputPaths = (
			);
			name = "📦 Check Pods Manifest.lock";
			outputPaths = (
			);
			runOnlyForDeploymentPostprocessing = 0;
			shellPath = /bin/sh;
			shellScript = "diff \"${PODS_ROOT}/../Podfile.lock\" \"${PODS_ROOT}/Manifest.lock\" > /dev/null\nif [[ $? != 0 ]] ; then\n    cat << EOM\nerror: The sandbox is not in sync with the Podfile.lock. Run 'pod install' or update your CocoaPods installation.\nEOM\n    exit 1\nfi\n";
			showEnvVarsInLog = 0;
		};
		C31073BA3929B1665D043873 /* 📦 Embed Pods Frameworks */ = {
			isa = PBXShellScriptBuildPhase;
			buildActionMask = 2147483647;
			files = (
			);
			inputPaths = (
			);
			name = "📦 Embed Pods Frameworks";
			outputPaths = (
			);
			runOnlyForDeploymentPostprocessing = 0;
			shellPath = /bin/sh;
			shellScript = "\"${SRCROOT}/Pods/Target Support Files/Pods-Final/Pods-Final-frameworks.sh\"\n";
			showEnvVarsInLog = 0;
		};
/* End PBXShellScriptBuildPhase section */

/* Begin PBXSourcesBuildPhase section */
		43CEEBAE1D36F80700C2485F /* Sources */ = {
			isa = PBXSourcesBuildPhase;
			buildActionMask = 2147483647;
			files = (
				433624A81D380E3000AD0ABC /* WheelViewController.m in Sources */,
				433624AE1D3818EE00AD0ABC /* WheelCollectionViewCell.m in Sources */,
				43A80FCB1D40547E0056765B /* TaskListTableViewDragAddNew.m in Sources */,
				43A80FC11D3ECBBA0056765B /* TaskListStrikethroughLabel.m in Sources */,
				43CEEBCE1D36F8E400C2485F /* MenuCollectionViewController.m in Sources */,
				43CB9B741D42452F009A5E15 /* LoginViewContoller.m in Sources */,
				43A80FC61D3FB6650056765B /* TaskListTableView.m in Sources */,
				43CEEBBA1D36F80700C2485F /* AppDelegate.m in Sources */,
				43A80FB61D3D42330056765B /* ToDoListViewController.m in Sources */,
				43CB9B711D41B0B1009A5E15 /* TaskListTableViewPinchToAdd.m in Sources */,
				433624B11D381E7B00AD0ABC /* WheelCollectionViewLayout.m in Sources */,
				43A80FBC1D3E71F20056765B /* TaskListTableViewCell.m in Sources */,
				43A80FB91D3D48730056765B /* TaskListItem.m in Sources */,
				43A80FB01D3D1D860056765B /* ChatViewController.m in Sources */,
				43CEEBB71D36F80700C2485F /* main.m in Sources */,
			);
			runOnlyForDeploymentPostprocessing = 0;
		};
/* End PBXSourcesBuildPhase section */

/* Begin PBXVariantGroup section */
		43CEEBBE1D36F80700C2485F /* Main.storyboard */ = {
			isa = PBXVariantGroup;
			children = (
				43CEEBBF1D36F80700C2485F /* Base */,
			);
			name = Main.storyboard;
			sourceTree = "<group>";
		};
		43CEEBC31D36F80700C2485F /* LaunchScreen.storyboard */ = {
			isa = PBXVariantGroup;
			children = (
				43CEEBC41D36F80700C2485F /* Base */,
			);
			name = LaunchScreen.storyboard;
			sourceTree = "<group>";
		};
/* End PBXVariantGroup section */

/* Begin XCBuildConfiguration section */
		43CEEBC71D36F80700C2485F /* Debug */ = {
			isa = XCBuildConfiguration;
			buildSettings = {
				ALWAYS_SEARCH_USER_PATHS = NO;
				CLANG_ANALYZER_NONNULL = YES;
				CLANG_CXX_LANGUAGE_STANDARD = "gnu++0x";
				CLANG_CXX_LIBRARY = "libc++";
				CLANG_ENABLE_MODULES = YES;
				CLANG_ENABLE_OBJC_ARC = YES;
				CLANG_WARN_BOOL_CONVERSION = YES;
				CLANG_WARN_CONSTANT_CONVERSION = YES;
				CLANG_WARN_DIRECT_OBJC_ISA_USAGE = YES_ERROR;
				CLANG_WARN_EMPTY_BODY = YES;
				CLANG_WARN_ENUM_CONVERSION = YES;
				CLANG_WARN_INT_CONVERSION = YES;
				CLANG_WARN_OBJC_ROOT_CLASS = YES_ERROR;
				CLANG_WARN_UNREACHABLE_CODE = YES;
				CLANG_WARN__DUPLICATE_METHOD_MATCH = YES;
				"CODE_SIGN_IDENTITY[sdk=iphoneos*]" = "iPhone Developer";
				COPY_PHASE_STRIP = NO;
				DEBUG_INFORMATION_FORMAT = dwarf;
				ENABLE_STRICT_OBJC_MSGSEND = YES;
				ENABLE_TESTABILITY = YES;
				GCC_C_LANGUAGE_STANDARD = gnu99;
				GCC_DYNAMIC_NO_PIC = NO;
				GCC_NO_COMMON_BLOCKS = YES;
				GCC_OPTIMIZATION_LEVEL = 0;
				GCC_PREPROCESSOR_DEFINITIONS = (
					"DEBUG=1",
					"$(inherited)",
				);
				GCC_WARN_64_TO_32_BIT_CONVERSION = YES;
				GCC_WARN_ABOUT_RETURN_TYPE = YES_ERROR;
				GCC_WARN_UNDECLARED_SELECTOR = YES;
				GCC_WARN_UNINITIALIZED_AUTOS = YES_AGGRESSIVE;
				GCC_WARN_UNUSED_FUNCTION = YES;
				GCC_WARN_UNUSED_VARIABLE = YES;
				IPHONEOS_DEPLOYMENT_TARGET = 9.3;
				MTL_ENABLE_DEBUG_INFO = YES;
				ONLY_ACTIVE_ARCH = YES;
				SDKROOT = iphoneos;
			};
			name = Debug;
		};
		43CEEBC81D36F80700C2485F /* Release */ = {
			isa = XCBuildConfiguration;
			buildSettings = {
				ALWAYS_SEARCH_USER_PATHS = NO;
				CLANG_ANALYZER_NONNULL = YES;
				CLANG_CXX_LANGUAGE_STANDARD = "gnu++0x";
				CLANG_CXX_LIBRARY = "libc++";
				CLANG_ENABLE_MODULES = YES;
				CLANG_ENABLE_OBJC_ARC = YES;
				CLANG_WARN_BOOL_CONVERSION = YES;
				CLANG_WARN_CONSTANT_CONVERSION = YES;
				CLANG_WARN_DIRECT_OBJC_ISA_USAGE = YES_ERROR;
				CLANG_WARN_EMPTY_BODY = YES;
				CLANG_WARN_ENUM_CONVERSION = YES;
				CLANG_WARN_INT_CONVERSION = YES;
				CLANG_WARN_OBJC_ROOT_CLASS = YES_ERROR;
				CLANG_WARN_UNREACHABLE_CODE = YES;
				CLANG_WARN__DUPLICATE_METHOD_MATCH = YES;
				"CODE_SIGN_IDENTITY[sdk=iphoneos*]" = "iPhone Developer";
				COPY_PHASE_STRIP = NO;
				DEBUG_INFORMATION_FORMAT = "dwarf-with-dsym";
				ENABLE_NS_ASSERTIONS = NO;
				ENABLE_STRICT_OBJC_MSGSEND = YES;
				GCC_C_LANGUAGE_STANDARD = gnu99;
				GCC_NO_COMMON_BLOCKS = YES;
				GCC_WARN_64_TO_32_BIT_CONVERSION = YES;
				GCC_WARN_ABOUT_RETURN_TYPE = YES_ERROR;
				GCC_WARN_UNDECLARED_SELECTOR = YES;
				GCC_WARN_UNINITIALIZED_AUTOS = YES_AGGRESSIVE;
				GCC_WARN_UNUSED_FUNCTION = YES;
				GCC_WARN_UNUSED_VARIABLE = YES;
				IPHONEOS_DEPLOYMENT_TARGET = 9.3;
				MTL_ENABLE_DEBUG_INFO = NO;
				SDKROOT = iphoneos;
				VALIDATE_PRODUCT = YES;
			};
			name = Release;
		};
		43CEEBCA1D36F80700C2485F /* Debug */ = {
			isa = XCBuildConfiguration;
			baseConfigurationReference = CEF82086DD56315BD8F9FF98 /* Pods-Final.debug.xcconfig */;
			buildSettings = {
				ASSETCATALOG_COMPILER_APPICON_NAME = AppIcon;
				INFOPLIST_FILE = Final/Info.plist;
				LD_RUNPATH_SEARCH_PATHS = "$(inherited) @executable_path/Frameworks";
				PRODUCT_BUNDLE_IDENTIFIER = com.detroitlabs.Final;
				PRODUCT_NAME = "$(TARGET_NAME)";
			};
			name = Debug;
		};
		43CEEBCB1D36F80700C2485F /* Release */ = {
			isa = XCBuildConfiguration;
			baseConfigurationReference = 68BDD6951FC76CFD5B3EE1C8 /* Pods-Final.release.xcconfig */;
			buildSettings = {
				ASSETCATALOG_COMPILER_APPICON_NAME = AppIcon;
				INFOPLIST_FILE = Final/Info.plist;
				LD_RUNPATH_SEARCH_PATHS = "$(inherited) @executable_path/Frameworks";
				PRODUCT_BUNDLE_IDENTIFIER = com.detroitlabs.Final;
				PRODUCT_NAME = "$(TARGET_NAME)";
			};
			name = Release;
		};
/* End XCBuildConfiguration section */

/* Begin XCConfigurationList section */
		43CEEBAD1D36F80700C2485F /* Build configuration list for PBXProject "Final" */ = {
			isa = XCConfigurationList;
			buildConfigurations = (
				43CEEBC71D36F80700C2485F /* Debug */,
				43CEEBC81D36F80700C2485F /* Release */,
			);
			defaultConfigurationIsVisible = 0;
			defaultConfigurationName = Release;
		};
		43CEEBC91D36F80700C2485F /* Build configuration list for PBXNativeTarget "Final" */ = {
			isa = XCConfigurationList;
			buildConfigurations = (
				43CEEBCA1D36F80700C2485F /* Debug */,
				43CEEBCB1D36F80700C2485F /* Release */,
			);
			defaultConfigurationIsVisible = 0;
			defaultConfigurationName = Release;
		};
/* End XCConfigurationList section */
	};
	rootObject = 43CEEBAA1D36F80700C2485F /* Project object */;
}
